
Microsoft Visual Studio Solution File, Format Version 12.00
# Visual Studio Version 17
VisualStudioVersion = 17.8.34330.188
MinimumVisualStudioVersion = 10.0.40219.1
Project("{FAE04EC0-301F-11D3-BF4B-00C04F79EFBC}") = "BJack", "BJack\BJack.csproj", "{368386E9-548E-4A41-B9F3-5D129F96F00B}"
EndProject
Global
	GlobalSection(SolutionConfigurationPlatforms) = preSolution
		Debug|Any CPU = Debug|Any CPU
		Release|Any CPU = Release|Any CPU
	EndGlobalSection
	GlobalSection(ProjectConfigurationPlatforms) = postSolution
		{368386E9-548E-4A41-B9F3-5D129F96F00B}.Debug|Any CPU.ActiveCfg = Debug|Any CPU
		{368386E9-548E-4A41-B9F3-5D129F96F00B}.Debug|Any CPU.Build.0 = Debug|Any CPU
		{368386E9-548E-4A41-B9F3-5D129F96F00B}.Release|Any CPU.ActiveCfg = Release|Any CPU
		{368386E9-548E-4A41-B9F3-5D129F96F00B}.Release|Any CPU.Build.0 = Release|Any CPU
	EndGlobalSection
	GlobalSection(SolutionProperties) = preSolution
		HideSolutionNode = FALSE
	EndGlobalSection
	GlobalSection(ExtensibilityGlobals) = postSolution
		SolutionGuid = {632F9BF1-D35E-4D98-B187-808E0918E5A9}
	EndGlobalSection
EndGlobal
